{
  "name": "group-exercise",
  "version": "1.0.0",
  "lockfileVersion": 2,
  "requires": true,
  "packages": {
    "": {
      "name": "group-exercise",
      "version": "1.0.0",
      "license": "ISC",
      "dependencies": {
        "helloWorld": "^1.0.0",
        "moment": "^2.29.4"
      }
    },
    "node_modules/helloWorld": {
      "version": "1.0.0",
      "resolved": "https://registry.npmjs.org/helloWorld/-/helloWorld-1.0.0.tgz",
      "integrity": "sha512-HqvZIjxOSsBLhVBC1ZWGj0Jwvz0Adb/kZi0EJW8T9iRCEjWhlQ2Qd6ArlYCmXnUHjYZHcN3kZI3TZof4RWQjXQ=="
    },
    "node_modules/moment": {
      "version": "2.29.4",
      "resolved": "https://registry.npmjs.org/moment/-/moment-2.29.4.tgz",
      "integrity": "sha512-5LC9SOxjSc2HF6vO2CyuTDNivEdoz2IvyJJGj6X8DJ0eFyfszE0QiEd+iXmBvUP3WHxSjFH/vIsA0EN00cgr8w==",
      "engines": {
        "node": "*"
      }
    }
  },
  "dependencies": {
    "helloWorld": {
      "version": "1.0.0",
      "resolved": "https://registry.npmjs.org/helloWorld/-/helloWorld-1.0.0.tgz",
      "integrity": "sha512-HqvZIjxOSsBLhVBC1ZWGj0Jwvz0Adb/kZi0EJW8T9iRCEjWhlQ2Qd6ArlYCmXnUHjYZHcN3kZI3TZof4RWQjXQ=="
    },
    "moment": {
      "version": "2.29.4",
      "resolved": "https://registry.npmjs.org/moment/-/moment-2.29.4.tgz",
      "integrity": "sha512-5LC9SOxjSc2HF6vO2CyuTDNivEdoz2IvyJJGj6X8DJ0eFyfszE0QiEd+iXmBvUP3WHxSjFH/vIsA0EN00cgr8w=="
    }
  }
}
